cloud.google.com/go v0.26.0/go.mod h1:aQUYkXzVsufM+DwF1aE+0xfcU+56JwCaLick0ClmMTw=
github.com/BurntSushi/toml v0.3.1/go.mod h1:xHWCNGjB5oqiDr8zfno3MHue2Ht5sIBksp03qcyfWMU=
github.com/MagicBowen/microservice/examples/services/utils/discovery v0.0.0-20190501150515-b439309485ea h1:kAA9uImVW0W230bjF+kWpkTGyjnqtL2xkgPjE/zWllo=
github.com/MagicBowen/microservice/examples/services/utils/discovery v0.0.0-20190501150515-b439309485ea/go.mod h1:egzEMke93et2ZT8Trokb/sNcyV7ymRxVnOejgtCP5X0=
github.com/MagicBowen/microservice/examples/services/utils/discovery v0.0.0-20190502233936-2423ae03b200 h1:3ijArqkzYJ7C1BZPBjVOLNoKY9KLW74m7PWxk+GI9Lo=
github.com/MagicBowen/microservice/examples/services/utils/discovery v0.0.0-20190502233936-2423ae03b200/go.mod h1:iFhJSjGJQS2blZCcoYA6xIcEaYCBsHcTVyXsULXJDhU=
github.com/MagicBowen/microservice/examples/services/utils/discovery v0.0.0-20190503064827-81bce1aaf98c h1:z/87BGClD43C1ZyXXMB6xSWEDa2iRZvmcb234a4f4+I=
github.com/MagicBowen/microservice/examples/services/utils/discovery v0.0.0-20190503064827-81bce1aaf98c/go.mod h1:buxaAaEM8QcOJJIXi1T3xYeCeHqBWLtj/KG5vSJPTeY=
github.com/MagicBowen/microservice/examples/services/utils/discovery v0.0.0-20190503112730-016a7b1a2066 h1:gbq4SD/3E6V8TceA7videM7ay8YhCB34m3p+OYY3pCk=
github.com/MagicBowen/microservice/examples/services/utils/discovery v0.0.0-20190503112730-016a7b1a2066/go.mod h1:yWgkOoIELZZQlJJ9qCDWpTXrt+pWUW3Dq5QxT+u7/ko=
github.com/client9/misspell v0.3.4/go.mod h1:qj6jICC3Q7zFZvVWo7KLAzC3yx5G7kyvSDkc90ppPyw=
github.com/coreos/etcd v3.3.12+incompatible h1:pAWNwdf7QiT1zfaWyqCtNZQWCLByQyA3JrSQyuYAqnQ=
github.com/coreos/etcd v3.3.12+incompatible/go.mod h1:uF7uidLiAD3TWHmW31ZFd/JWoc32PjwdhPthX9715RE=
github.com/davecgh/go-spew v1.1.0 h1:ZDRjVQ15GmhC3fiQ8ni8+OwkZQO4DARzQgrnXU1Liz8=
github.com/davecgh/go-spew v1.1.0/go.mod h1:J7Y8YcW2NihsgmVo/mv3lAwl/skON4iLHjSsI+c5H38=
github.com/dgrijalva/jwt-go v3.2.0+incompatible h1:7qlOGliEKZXTDg6OTjfoBKDXWrumCAMpl/TFQ4/5kLM=
github.com/dgrijalva/jwt-go v3.2.0+incompatible/go.mod h1:E3ru+11k8xSBh+hMPgOLZmtrrCbhqsmaPHjLKYnJCaQ=
github.com/envoyproxy/go-control-plane v0.6.9/go.mod h1:SBwIajubJHhxtWwsL9s8ss4safvEdbitLhGGK48rN6g=
github.com/etcd-io/etcd v3.3.12+incompatible/go.mod h1:cdZ77EstHBwVtD6iTgzgvogwcjo9m4iOqoijouPJ4bs=
github.com/gogo/googleapis v1.1.0/go.mod h1:gf4bu3Q80BeJ6H1S1vYPm8/ELATdvryBaNFGgqEef3s=
github.com/gogo/protobuf v1.2.0/go.mod h1:r8qH/GZQm5c6nD/R0oafs1akxWv10x8SbQlK7atdtwQ=
github.com/gogo/protobuf v1.2.1 h1:/s5zKNz0uPFCZ5hddgPdo2TK2TVrUNMn0OOX8/aZMTE=
github.com/gogo/protobuf v1.2.1/go.mod h1:hp+jE20tsWTFYpLwKvXlhS1hjn+gTNwPg2I6zVXpSg4=
github.com/golang/appengine v1.1.0/go.mod h1:C7k13PpLjU5SHb7WgwfAwCmVFgi4cpy3kl2zlpoBck8=
github.com/golang/crypto v0.0.0-20190130090550-b01c7a725664/go.mod h1:uZvAcrsnNaCxlh1HorK5dUQHGmEKPh2H/Rl1kehswPo=
github.com/golang/crypto v0.0.0-20190308221718-c2843e01d9a2 h1:Q29Ikz4l9+XiewSIk/Bq1tyit7SNEvtaQ42ax6X/zt0=
github.com/golang/crypto v0.0.0-20190308221718-c2843e01d9a2/go.mod h1:djNgcEr1/C05ACkg1iLfiJU5Ep61QUkGW8qpdssI0+w=
github.com/golang/glog v0.0.0-20160126235308-23def4e6c14b h1:VKtxabqXZkF25pY9ekfRL6a582T4P37/31XEstQ5p58=
github.com/golang/glog v0.0.0-20160126235308-23def4e6c14b/go.mod h1:SBH7ygxi8pfUlaOkMMuAQtPIUF8ecWP5IEl/CR7VP2Q=
github.com/golang/lint v0.0.0-20190313153728-d0100b6bd8b3/go.mod h1:6SW0HCj/g11FgYtHlgUYUwCkIfeOF89ocIRzGO/8vkc=
github.com/golang/mock v1.1.1/go.mod h1:oTYuIxOrZwtPieC+H1uAHpcLFnEyAGVDL/k47Jfbm0A=
github.com/golang/net v0.0.0-20190311183353-d8887717615a h1:4V+LPwzBFLRg7XSXZw133Jsur1mTVMY73hIv/FTdrbg=
github.com/golang/net v0.0.0-20190311183353-d8887717615a/go.mod h1:t9HGtf8HONx5eT2rtn7q6eTqICYqUVnKs3thJo3Qplg=
github.com/golang/net v0.0.0-20190424112056-4829fb13d2c6 h1:EwKW3aQEwF1H2uMl3eLRBAnYsUcDf6W2sJpHbGZlkA0=
github.com/golang/net v0.0.0-20190424112056-4829fb13d2c6/go.mod h1:t9HGtf8HONx5eT2rtn7q6eTqICYqUVnKs3thJo3Qplg=
github.com/golang/oauth2 v0.0.0-20180821212333-d2e6202438be/go.mod h1:ovBFgdmJqyggKzXS0i5+osE+RsPEbEsUfp2sVCgys1Q=
github.com/golang/protobuf v1.2.0 h1:P3YflyNX/ehuJFLhxviNdFxQPkGK5cDcApsge1SqnvM=
github.com/golang/protobuf v1.2.0/go.mod h1:6lQm79b+lXiMfvg/cZm0SGofjICqVBUtrP5yJMmIC1U=
github.com/golang/protobuf v1.3.1 h1:YF8+flBXS5eO826T4nzqPrxfhQThhXl0YzfuUPu4SBg=
github.com/golang/protobuf v1.3.1/go.mod h1:6lQm79b+lXiMfvg/cZm0SGofjICqVBUtrP5yJMmIC1U=
github.com/golang/sync v0.0.0-20180314180146-1d60e4601c6f/go.mod h1:YCHYtYb9c8Q7XgYVYjmJBPtFPKx5QvOcPxHZWjldabE=
github.com/golang/sys v0.0.0-20190129075346-302c3dd5f1cc/go.mod h1:5JyrLPvD/ZdaYkT7IqKhsP5xt7aLjA99KXRtk4EIYDk=
github.com/golang/sys v0.0.0-20190215142949-d0b11bdaac8a/go.mod h1:5JyrLPvD/ZdaYkT7IqKhsP5xt7aLjA99KXRtk4EIYDk=
github.com/golang/text v0.3.0 h1:uI5zIUA9cg047ctlTptnVc0Ghjfurf2eZMFrod8R7v8=
github.com/golang/text v0.3.0/go.mod h1:GUiq9pdJKRKKAZXiVgWFEvocYuREvC14NhI4OPgEjeE=
github.com/golang/tools v0.0.0-20180221164845-07fd8470d635/go.mod h1:BZR6KJOI/IQ5FlSQroxL7yevEMRCz1dARTXHD9s4mHE=
github.com/golang/tools v0.0.0-20190311212946-11955173bddd/go.mod h1:LCzVGOaR6xXOjkQ3onu1FJEFr0SW1gC7cKk1uF8kGRs=
github.com/google/go-genproto v0.0.0-20180817151627-c66870c02cf8 h1:I9PuChzQA31gMw88WmVPJaAwE0nZNHpMrLDUnTyzFAI=
github.com/google/go-genproto v0.0.0-20180817151627-c66870c02cf8/go.mod h1:3Rcd9jSoLVkV/osPrt5CogLvLiarfI8U9/x78NwhuDU=
github.com/googleapis/google-cloud-go v0.26.0/go.mod h1:yJoOdPPE9UpqbamBhJvp7Ur6OUPPV4rUY3RnssPGNBA=
github.com/grpc/grpc-go v1.20.0 h1:xijTbW5EJjfsbD+O3BGjejiOVRzHL3hGO3czIybCLDY=
github.com/grpc/grpc-go v1.20.0/go.mod h1:chYK+tFQF0nDUGJgXMSgLCQk3phJEuONr2DCgLDdAQM=
github.com/kisielk/errcheck v1.1.0/go.mod h1:EZBBE59ingxPouuu3KfxchcWSUPOHkagtvWXihfKN4Q=
github.com/kisielk/gotool v1.0.0/go.mod h1:XhKaO+MFFWcvkIS/tQcRk01m1F5IRFswLeQ+oQHNcck=
github.com/labstack/echo/v4 v4.0.0 h1:q1GH+caIXPP7H2StPIdzy/ez9CO0EepqYeUg6vi9SWM=
github.com/labstack/echo/v4 v4.0.0/go.mod h1:tZv7nai5buKSg5h/8E6zz4LsD/Dqh9/91Mvs7Z5Zyno=
github.com/labstack/gommon v0.2.8 h1:JvRqmeZcfrHC5u6uVleB4NxxNbzx6gpbJiQknDbKQu0=
github.com/labstack/gommon v0.2.8/go.mod h1:/tj9csK2iPSBvn+3NLM9e52usepMtrd5ilFYA+wQNJ4=
github.com/lyft/protoc-gen-validate v0.0.13/go.mod h1:XbGvPuh87YZc5TdIa2/I4pLk0QoUACkjt2znoq26NVQ=
github.com/magicbowen/microservice v0.0.0-20190415042554-58fe9779d58c h1:7INhtEyNDlrVjkcH5E+EUNMIfeXYCgDuuQ6t2L8mT0U=
github.com/magicbowen/microservice v0.0.0-20190415042554-58fe9779d58c/go.mod h1:HDCe9JJnljf9kb+JdVaEYNxsbfi4pWf10rq1IFqcUuo=
github.com/magicbowen/microservice v0.0.0-20190503112730-016a7b1a2066 h1:P7J0JtRtKaCyKBm82lBmNe9nDGGPLyUw9mlEjeTDXz0=
github.com/magicbowen/microservice v0.0.0-20190503112730-016a7b1a2066/go.mod h1:HDCe9JJnljf9kb+JdVaEYNxsbfi4pWf10rq1IFqcUuo=
github.com/mattn/go-colorable v0.0.9 h1:UVL0vNpWh04HeJXV0KLcaT7r06gOH2l4OW6ddYRUIY4=
github.com/mattn/go-colorable v0.0.9/go.mod h1:9vuHe8Xs5qXnSaW/c/ABM9alt+Vo+STaOChaDxuIBZU=
github.com/mattn/go-isatty v0.0.4 h1:bnP0vzxcAdeI1zdubAl5PjU6zsERjGZb7raWodagDYs=
github.com/mattn/go-isatty v0.0.4/go.mod h1:M+lRXTBqGeGNdLjl/ufCoiOlB5xdOkqRJdNxMWT7Zi4=
github.com/pmezard/go-difflib v1.0.0 h1:4DBwDE0NGyQoBHbLQYPwSUPoCMWR5BEzIk/f1lZbAQM=
github.com/pmezard/go-difflib v1.0.0/go.mod h1:iKH77koFhYxTK1pcRnkKkqfTogsbg7gZNVY4sRDYZ/4=
github.com/stretchr/objx v0.1.0/go.mod h1:HFkY916IF+rwdDfMAkV7OtwuqBVzrE8GR6GFx+wExME=
github.com/stretchr/testify v1.3.0 h1:TivCn/peBQ7UY8ooIcPgZFpTNSz0Q2U6UrFlUfqbe0Q=
github.com/stretchr/testify v1.3.0/go.mod h1:M5WIy9Dh21IEIfnGCwXGc5bZfKNJtfHm1UVUgZn+9EI=
github.com/valyala/bytebufferpool v1.0.0 h1:GqA5TC/0021Y/b9FG4Oi9Mr3q7XYx6KllzawFIhcdPw=
github.com/valyala/bytebufferpool v1.0.0/go.mod h1:6bBcMArwyJ5K/AmCkWv1jt77kVWyCJ6HpOuEn7z0Csc=
github.com/valyala/fasttemplate v0.0.0-20170224212429-dcecefd839c4 h1:gKMu1Bf6QINDnvyZuTaACm9ofY+PRh+5vFz4oxBZeF8=
github.com/valyala/fasttemplate v0.0.0-20170224212429-dcecefd839c4/go.mod h1:50wTf68f99/Zt14pr046Tgt3Lp2vLyFZKzbFXTOabXw=
go.etcd.io/etcd v3.3.12+incompatible h1:V6PRYRGpU4k5EajJaaj/GL3hqIdzyPnBU8aPUp+35yw=
go.etcd.io/etcd v3.3.12+incompatible/go.mod h1:yaeTdrJi5lOmYerz05bd8+V7KubZs8YSFZfzsF9A6aI=
golang.org/x/crypto v0.0.0-20190308221718-c2843e01d9a2 h1:VklqNMn3ovrHsnt90PveolxSbWFaJdECFbxSq0Mqo2M=
golang.org/x/crypto v0.0.0-20190308221718-c2843e01d9a2/go.mod h1:djNgcEr1/C05ACkg1iLfiJU5Ep61QUkGW8qpdssI0+w=
golang.org/x/lint v0.0.0-20190313153728-d0100b6bd8b3/go.mod h1:6SW0HCj/g11FgYtHlgUYUwCkIfeOF89ocIRzGO/8vkc=
golang.org/x/net v0.0.0-20190311183353-d8887717615a h1:oWX7TPOiFAMXLq8o0ikBYfCJVlRHBcsciT5bXOrH628=
golang.org/x/net v0.0.0-20190311183353-d8887717615a/go.mod h1:t9HGtf8HONx5eT2rtn7q6eTqICYqUVnKs3thJo3Qplg=
golang.org/x/net v0.0.0-20190424112056-4829fb13d2c6 h1:FP8hkuE6yUEaJnK7O2eTuejKWwW+Rhfj80dQ2JcKxCU=
golang.org/x/net v0.0.0-20190424112056-4829fb13d2c6/go.mod h1:t9HGtf8HONx5eT2rtn7q6eTqICYqUVnKs3thJo3Qplg=
golang.org/x/oauth2 v0.0.0-20180821212333-d2e6202438be/go.mod h1:N/0e6XlmueqKjAGxoOufVs8QHGRruUQn6yWY3a++T0U=
golang.org/x/sync v0.0.0-20180314180146-1d60e4601c6f/go.mod h1:RxMgew5VJxzue5/jJTE5uejpjVlOe/izrB70Jof72aM=
golang.org/x/sys v0.0.0-20190129075346-302c3dd5f1cc/go.mod h1:STP8DvDyc/dI5b8T5hshtkjS+E42TnysNCUPdjciGhY=
golang.org/x/sys v0.0.0-20190215142949-d0b11bdaac8a/go.mod h1:STP8DvDyc/dI5b8T5hshtkjS+E42TnysNCUPdjciGhY=
golang.org/x/text v0.3.0 h1:g61tztE5qeGQ89tm6NTjjM9VPIm088od1l6aSorWRWg=
golang.org/x/text v0.3.0/go.mod h1:NqM8EUOU14njkJ3fqMW+pc6Ldnwhi/IjpwHt7yyuwOQ=
golang.org/x/tools v0.0.0-20180221164845-07fd8470d635/go.mod h1:n7NCudcB/nEzxVGmLbDWY5pfWTLqBcC2KZ6jyYvM4mQ=
golang.org/x/tools v0.0.0-20190311212946-11955173bddd/go.mod h1:LCzVGOaR6xXOjkQ3onu1FJEFr0SW1gC7cKk1uF8kGRs=
google.golang.org/appengine v1.1.0/go.mod h1:EbEs0AVv82hx2wNQdGPgUI5lhzA/G0D9YwlJXL52JkM=
google.golang.org/genproto v0.0.0-20180817151627-c66870c02cf8 h1:Nw54tB0rB7hY/N0NQvRW8DG4Yk3Q6T9cu9RcFQDu1tc=
google.golang.org/genproto v0.0.0-20180817151627-c66870c02cf8/go.mod h1:JiN7NxoALGmiZfu7CAH4rXhgtRTLTxftemlI0sWmxmc=
google.golang.org/grpc v1.20.0 h1:DlsSIrgEBuZAUFJcta2B5i/lzeHHbnfkNFAfFXLVFYQ=
google.golang.org/grpc v1.20.0/go.mod h1:chYK+tFQF0nDUGJgXMSgLCQk3phJEuONr2DCgLDdAQM=
honnef.co/go/tools v0.0.0-20190102054323-c2f93a96b099/go.mod h1:rf3lG4BRIbNafJWhAfAdb/ePZxsR/4RtNHQocxwk9r4=
